
Microsoft Visual Studio Solution File, Format Version 12.00
# Visual Studio Version 17
VisualStudioVersion = 17.3.32929.385
MinimumVisualStudioVersion = 10.0.40219.1
Project("{2150E333-8FDC-42A3-9474-1A3956D46DE8}") = "Services", "Services", "{0857FED4-92F1-4F9C-9D91-5B881AB4AECF}"
EndProject
Project("{2150E333-8FDC-42A3-9474-1A3956D46DE8}") = "Application", "Application", "{A5F43A57-F15B-4C6B-AEF2-2952CBB1747B}"
EndProject
Project("{2150E333-8FDC-42A3-9474-1A3956D46DE8}") = "Domain", "Domain", "{36EBE426-53A0-46C6-90E3-C820DC6784FB}"
EndProject
Project("{2150E333-8FDC-42A3-9474-1A3956D46DE8}") = "Infrastructure", "Infrastructure", "{1C3E3207-F662-4786-B56C-2293A0861D54}"
EndProject
Project("{FAE04EC0-301F-11D3-BF4B-00C04F79EFBC}") = "RestApi.Services", "RestApi\RestApi.Services.csproj", "{AF9F133A-0F2C-4B49-8382-AD3512F08468}"
EndProject
Project("{FAE04EC0-301F-11D3-BF4B-00C04F79EFBC}") = "RestApi.Application", "RestApi.Application\RestApi.Application.csproj", "{3DED5859-8C89-40CA-B32C-647B62B695B6}"
EndProject
Project("{FAE04EC0-301F-11D3-BF4B-00C04F79EFBC}") = "ApiRest.Domain", "ApiRest.Domain\ApiRest.Domain.csproj", "{BDE73DD0-8D5D-4F15-97C1-8F999EBD48E0}"
EndProject
Project("{FAE04EC0-301F-11D3-BF4B-00C04F79EFBC}") = "RestApi.Domain.Core", "RestApi.Domain.Core\RestApi.Domain.Core.csproj", "{370277A0-C1D0-45CA-9B5F-BE2797FE1C55}"
EndProject
Project("{FAE04EC0-301F-11D3-BF4B-00C04F79EFBC}") = "RestApi.Domain.Services", "RestApi.Domain.Services\RestApi.Domain.Services.csproj", "{46729205-A23B-434B-B7D4-3227334F71B8}"
EndProject
Project("{FAE04EC0-301F-11D3-BF4B-00C04F79EFBC}") = "RestApi.Infrastructure", "RestApi.Infrastructure\RestApi.Infrastructure.csproj", "{A20431C1-9A03-4DF9-8F78-76642D906F58}"
EndProject
Global
	GlobalSection(SolutionConfigurationPlatforms) = preSolution
		Debug|Any CPU = Debug|Any CPU
		Release|Any CPU = Release|Any CPU
	EndGlobalSection
	GlobalSection(ProjectConfigurationPlatforms) = postSolution
		{AF9F133A-0F2C-4B49-8382-AD3512F08468}.Debug|Any CPU.ActiveCfg = Debug|Any CPU
		{AF9F133A-0F2C-4B49-8382-AD3512F08468}.Debug|Any CPU.Build.0 = Debug|Any CPU
		{AF9F133A-0F2C-4B49-8382-AD3512F08468}.Release|Any CPU.ActiveCfg = Release|Any CPU
		{AF9F133A-0F2C-4B49-8382-AD3512F08468}.Release|Any CPU.Build.0 = Release|Any CPU
		{3DED5859-8C89-40CA-B32C-647B62B695B6}.Debug|Any CPU.ActiveCfg = Debug|Any CPU
		{3DED5859-8C89-40CA-B32C-647B62B695B6}.Debug|Any CPU.Build.0 = Debug|Any CPU
		{3DED5859-8C89-40CA-B32C-647B62B695B6}.Release|Any CPU.ActiveCfg = Release|Any CPU
		{3DED5859-8C89-40CA-B32C-647B62B695B6}.Release|Any CPU.Build.0 = Release|Any CPU
		{BDE73DD0-8D5D-4F15-97C1-8F999EBD48E0}.Debug|Any CPU.ActiveCfg = Debug|Any CPU
		{BDE73DD0-8D5D-4F15-97C1-8F999EBD48E0}.Debug|Any CPU.Build.0 = Debug|Any CPU
		{BDE73DD0-8D5D-4F15-97C1-8F999EBD48E0}.Release|Any CPU.ActiveCfg = Release|Any CPU
		{BDE73DD0-8D5D-4F15-97C1-8F999EBD48E0}.Release|Any CPU.Build.0 = Release|Any CPU
		{370277A0-C1D0-45CA-9B5F-BE2797FE1C55}.Debug|Any CPU.ActiveCfg = Debug|Any CPU
		{370277A0-C1D0-45CA-9B5F-BE2797FE1C55}.Debug|Any CPU.Build.0 = Debug|Any CPU
		{370277A0-C1D0-45CA-9B5F-BE2797FE1C55}.Release|Any CPU.ActiveCfg = Release|Any CPU
		{370277A0-C1D0-45CA-9B5F-BE2797FE1C55}.Release|Any CPU.Build.0 = Release|Any CPU
		{46729205-A23B-434B-B7D4-3227334F71B8}.Debug|Any CPU.ActiveCfg = Debug|Any CPU
		{46729205-A23B-434B-B7D4-3227334F71B8}.Debug|Any CPU.Build.0 = Debug|Any CPU
		{46729205-A23B-434B-B7D4-3227334F71B8}.Release|Any CPU.ActiveCfg = Release|Any CPU
		{46729205-A23B-434B-B7D4-3227334F71B8}.Release|Any CPU.Build.0 = Release|Any CPU
		{A20431C1-9A03-4DF9-8F78-76642D906F58}.Debug|Any CPU.ActiveCfg = Debug|Any CPU
		{A20431C1-9A03-4DF9-8F78-76642D906F58}.Debug|Any CPU.Build.0 = Debug|Any CPU
		{A20431C1-9A03-4DF9-8F78-76642D906F58}.Release|Any CPU.ActiveCfg = Release|Any CPU
		{A20431C1-9A03-4DF9-8F78-76642D906F58}.Release|Any CPU.Build.0 = Release|Any CPU
	EndGlobalSection
	GlobalSection(SolutionProperties) = preSolution
		HideSolutionNode = FALSE
	EndGlobalSection
	GlobalSection(NestedProjects) = preSolution
		{AF9F133A-0F2C-4B49-8382-AD3512F08468} = {0857FED4-92F1-4F9C-9D91-5B881AB4AECF}
		{3DED5859-8C89-40CA-B32C-647B62B695B6} = {A5F43A57-F15B-4C6B-AEF2-2952CBB1747B}
		{BDE73DD0-8D5D-4F15-97C1-8F999EBD48E0} = {36EBE426-53A0-46C6-90E3-C820DC6784FB}
		{370277A0-C1D0-45CA-9B5F-BE2797FE1C55} = {36EBE426-53A0-46C6-90E3-C820DC6784FB}
		{46729205-A23B-434B-B7D4-3227334F71B8} = {36EBE426-53A0-46C6-90E3-C820DC6784FB}
		{A20431C1-9A03-4DF9-8F78-76642D906F58} = {1C3E3207-F662-4786-B56C-2293A0861D54}
	EndGlobalSection
	GlobalSection(ExtensibilityGlobals) = postSolution
		SolutionGuid = {2B4F2610-B705-4C15-A137-59F6FAD0892B}
	EndGlobalSection
EndGlobal
